// !$*UTF8*$!
{
	archiveVersion = 1;
	classes = {
	};
	objectVersion = 46;
	objects = {

/* Begin PBXBuildFile section */
		270525D51D861ACA001DEB03 /* SharedNavigationController.swift in Sources */ = {isa = PBXBuildFile; fileRef = 270525D41D861ACA001DEB03 /* SharedNavigationController.swift */; };
		2728D1C51D341FB200694B53 /* CreateAccViewController.swift in Sources */ = {isa = PBXBuildFile; fileRef = 2728D1C41D341FB200694B53 /* CreateAccViewController.swift */; };
		2728D1C71D34319000694B53 /* ProfileViewController.swift in Sources */ = {isa = PBXBuildFile; fileRef = 2728D1C61D34319000694B53 /* ProfileViewController.swift */; };
		2728D1C91D3432B600694B53 /* CarViewController.swift in Sources */ = {isa = PBXBuildFile; fileRef = 2728D1C81D3432B600694B53 /* CarViewController.swift */; };
		2728D1CB1D3434F300694B53 /* CardViewController.swift in Sources */ = {isa = PBXBuildFile; fileRef = 2728D1CA1D3434F300694B53 /* CardViewController.swift */; };
		2728D1D11D34386000694B53 /* Map.storyboard in Resources */ = {isa = PBXBuildFile; fileRef = 2728D1CF1D34386000694B53 /* Map.storyboard */; };
		2728D1D31D3438B800694B53 /* MapViewController.swift in Sources */ = {isa = PBXBuildFile; fileRef = 2728D1D21D3438B800694B53 /* MapViewController.swift */; };
		2728D1D61D3439B500694B53 /* Register.storyboard in Resources */ = {isa = PBXBuildFile; fileRef = 2728D1D41D3439B500694B53 /* Register.storyboard */; };
		272ECE2D1D3ED0CC00E251DF /* GoogleService-Info.plist in Resources */ = {isa = PBXBuildFile; fileRef = 272ECE2C1D3ED0CC00E251DF /* GoogleService-Info.plist */; };
		273360F51D8620E6009B20B0 /* BuyTicketViewController.swift in Sources */ = {isa = PBXBuildFile; fileRef = 273360F31D8620E6009B20B0 /* BuyTicketViewController.swift */; };
		273A9BA41D8AD47A00AD9EC5 /* Constants.swift in Sources */ = {isa = PBXBuildFile; fileRef = 273A9BA31D8AD47A00AD9EC5 /* Constants.swift */; };
		2747C40A1D89A772003FB864 /* ReceiptLabel.swift in Sources */ = {isa = PBXBuildFile; fileRef = 2747C4091D89A772003FB864 /* ReceiptLabel.swift */; };
		275D46181D5179BD0040E64A /* LoadingIndicatorView.swift in Sources */ = {isa = PBXBuildFile; fileRef = 275D46171D5179BD0040E64A /* LoadingIndicatorView.swift */; };
		27689CD91D88D3FE00ECC2CD /* Settings.storyboard in Resources */ = {isa = PBXBuildFile; fileRef = 27689CDB1D88D3FE00ECC2CD /* Settings.storyboard */; };
		277207E41DA944950020F608 /* ShareViewController.swift in Sources */ = {isa = PBXBuildFile; fileRef = 277207E31DA944950020F608 /* ShareViewController.swift */; };
		277207E61DA995340020F608 /* PostsTableViewController.swift in Sources */ = {isa = PBXBuildFile; fileRef = 277207E51DA995340020F608 /* PostsTableViewController.swift */; };
		277207E81DA999C90020F608 /* PostCellTableViewCell.swift in Sources */ = {isa = PBXBuildFile; fileRef = 277207E71DA999C90020F608 /* PostCellTableViewCell.swift */; };
		277207EC1DA99A850020F608 /* Post.swift in Sources */ = {isa = PBXBuildFile; fileRef = 277207EB1DA99A850020F608 /* Post.swift */; };
		277207EE1DA9AAB60020F608 /* AboutViewController.swift in Sources */ = {isa = PBXBuildFile; fileRef = 277207ED1DA9AAB60020F608 /* AboutViewController.swift */; };
		277794751D890171006E9CC6 /* Localizable.strings in Resources */ = {isa = PBXBuildFile; fileRef = 277794771D890171006E9CC6 /* Localizable.strings */; };
		277C5F5F1DA18BA1002ACD04 /* HistoryTableViewCell.swift in Sources */ = {isa = PBXBuildFile; fileRef = 277C5F5E1DA18BA1002ACD04 /* HistoryTableViewCell.swift */; };
		27876B351D8C73ED004E7CFF /* HistoryTableViewController.swift in Sources */ = {isa = PBXBuildFile; fileRef = 27876B341D8C73ED004E7CFF /* HistoryTableViewController.swift */; };
		278C49A71D33FA5A00D43AAF /* PresentViewController.swift in Sources */ = {isa = PBXBuildFile; fileRef = 278C49A61D33FA5A00D43AAF /* PresentViewController.swift */; };
		278C49A91D33FBBE00D43AAF /* LoginViewController.swift in Sources */ = {isa = PBXBuildFile; fileRef = 278C49A81D33FBBE00D43AAF /* LoginViewController.swift */; };
		2790778B1D468C4B005BA179 /* AuthProtocol.swift in Sources */ = {isa = PBXBuildFile; fileRef = 2790778A1D468C4B005BA179 /* AuthProtocol.swift */; };
		2790778F1D468D8C005BA179 /* DatabaseProtocol.swift in Sources */ = {isa = PBXBuildFile; fileRef = 2790778E1D468D8C005BA179 /* DatabaseProtocol.swift */; };
		279D0B131D3AC53800BC1D4C /* User.swift in Sources */ = {isa = PBXBuildFile; fileRef = 279D0B121D3AC53800BC1D4C /* User.swift */; };
		279D0B151D3AC54200BC1D4C /* Car.swift in Sources */ = {isa = PBXBuildFile; fileRef = 279D0B141D3AC54200BC1D4C /* Car.swift */; };
		279D0B171D3AC54B00BC1D4C /* Ticket.swift in Sources */ = {isa = PBXBuildFile; fileRef = 279D0B161D3AC54B00BC1D4C /* Ticket.swift */; };
		279F16D91D3572D600CC0C9D /* Extension.swift in Sources */ = {isa = PBXBuildFile; fileRef = 279F16D81D3572D600CC0C9D /* Extension.swift */; };
		27ABD5521D42DA3100C11469 /* StorageProtocol.swift in Sources */ = {isa = PBXBuildFile; fileRef = 27ABD5511D42DA3100C11469 /* StorageProtocol.swift */; };
		27AD34321D395B0D0084E8FE /* Protocols.swift in Sources */ = {isa = PBXBuildFile; fileRef = 27AD34311D395B0D0084E8FE /* Protocols.swift */; };
		27B14DC41DB2ACF600A6DE16 /* UserNotifications.framework in Frameworks */ = {isa = PBXBuildFile; fileRef = 27B14DC21DB2ACF600A6DE16 /* UserNotifications.framework */; };
		27B14DC51DB2ACF600A6DE16 /* UserNotificationsUI.framework in Frameworks */ = {isa = PBXBuildFile; fileRef = 27B14DC31DB2ACF600A6DE16 /* UserNotificationsUI.framework */; };
		27C2B9321D89D71300F6551B /* ConfirmationViewController.swift in Sources */ = {isa = PBXBuildFile; fileRef = 27C2B9311D89D71300F6551B /* ConfirmationViewController.swift */; };
		27C5292B1D86482800D43616 /* RegisterTextField.swift in Sources */ = {isa = PBXBuildFile; fileRef = 27C5292A1D86482800D43616 /* RegisterTextField.swift */; };
		27C7BA411D4704C200746C97 /* ProfileEditViewController.swift in Sources */ = {isa = PBXBuildFile; fileRef = 27C7BA401D4704C200746C97 /* ProfileEditViewController.swift */; };
		27C7BA431D4704D300746C97 /* CarEditViewController.swift in Sources */ = {isa = PBXBuildFile; fileRef = 27C7BA421D4704D300746C97 /* CarEditViewController.swift */; };
		27C7BA451D4704DE00746C97 /* CardEditViewController.swift in Sources */ = {isa = PBXBuildFile; fileRef = 27C7BA441D4704DE00746C97 /* CardEditViewController.swift */; };
		27C7BA471D47063200746C97 /* SettingsTableViewController.swift in Sources */ = {isa = PBXBuildFile; fileRef = 27C7BA461D47063200746C97 /* SettingsTableViewController.swift */; };
		27D4D6431D33E661007BB63A /* AppDelegate.swift in Sources */ = {isa = PBXBuildFile; fileRef = 27D4D6421D33E661007BB63A /* AppDelegate.swift */; };
		27D4D6481D33E661007BB63A /* Main.storyboard in Resources */ = {isa = PBXBuildFile; fileRef = 27D4D6461D33E661007BB63A /* Main.storyboard */; };
		27D4D64A1D33E661007BB63A /* Assets.xcassets in Resources */ = {isa = PBXBuildFile; fileRef = 27D4D6491D33E661007BB63A /* Assets.xcassets */; };
		27D4D64D1D33E661007BB63A /* LaunchScreen.storyboard in Resources */ = {isa = PBXBuildFile; fileRef = 27D4D64B1D33E661007BB63A /* LaunchScreen.storyboard */; };
		FCF2DE1F1AC99B908C83CB62 /* Pods_Azul_Digital.framework in Frameworks */ = {isa = PBXBuildFile; fileRef = 4C40B5981BC78DAE73D2587C /* Pods_Azul_Digital.framework */; };
/* End PBXBuildFile section */

/* Begin PBXFileReference section */
		0C1CE793A240DB8FA3FC0C0C /* Pods-Azul Digital.debug.xcconfig */ = {isa = PBXFileReference; includeInIndex = 1; lastKnownFileType = text.xcconfig; name = "Pods-Azul Digital.debug.xcconfig"; path = "Pods/Target Support Files/Pods-Azul Digital/Pods-Azul Digital.debug.xcconfig"; sourceTree = "<group>"; };
		270525D41D861ACA001DEB03 /* SharedNavigationController.swift */ = {isa = PBXFileReference; fileEncoding = 4; lastKnownFileType = sourcecode.swift; path = SharedNavigationController.swift; sourceTree = "<group>"; };
		2728D1C41D341FB200694B53 /* CreateAccViewController.swift */ = {isa = PBXFileReference; fileEncoding = 4; lastKnownFileType = sourcecode.swift; path = CreateAccViewController.swift; sourceTree = "<group>"; };
		2728D1C61D34319000694B53 /* ProfileViewController.swift */ = {isa = PBXFileReference; fileEncoding = 4; lastKnownFileType = sourcecode.swift; path = ProfileViewController.swift; sourceTree = "<group>"; };
		2728D1C81D3432B600694B53 /* CarViewController.swift */ = {isa = PBXFileReference; fileEncoding = 4; lastKnownFileType = sourcecode.swift; path = CarViewController.swift; sourceTree = "<group>"; };
		2728D1CA1D3434F300694B53 /* CardViewController.swift */ = {isa = PBXFileReference; fileEncoding = 4; lastKnownFileType = sourcecode.swift; path = CardViewController.swift; sourceTree = "<group>"; };
		2728D1D01D34386000694B53 /* Base */ = {isa = PBXFileReference; lastKnownFileType = file.storyboard; name = Base; path = Base.lproj/Map.storyboard; sourceTree = "<group>"; };
		2728D1D21D3438B800694B53 /* MapViewController.swift */ = {isa = PBXFileReference; fileEncoding = 4; lastKnownFileType = sourcecode.swift; path = MapViewController.swift; sourceTree = "<group>"; };
		2728D1D51D3439B500694B53 /* Base */ = {isa = PBXFileReference; lastKnownFileType = file.storyboard; name = Base; path = Base.lproj/Register.storyboard; sourceTree = "<group>"; };
		272ECE2C1D3ED0CC00E251DF /* GoogleService-Info.plist */ = {isa = PBXFileReference; fileEncoding = 4; lastKnownFileType = text.plist.xml; path = "GoogleService-Info.plist"; sourceTree = "<group>"; };
		273360F31D8620E6009B20B0 /* BuyTicketViewController.swift */ = {isa = PBXFileReference; fileEncoding = 4; lastKnownFileType = sourcecode.swift; path = BuyTicketViewController.swift; sourceTree = "<group>"; };
		273810601DA9AE9E006AFABE /* Azul Digital.entitlements */ = {isa = PBXFileReference; lastKnownFileType = text.plist.entitlements; path = "Azul Digital.entitlements"; sourceTree = "<group>"; };
		273A9BA31D8AD47A00AD9EC5 /* Constants.swift */ = {isa = PBXFileReference; fileEncoding = 4; lastKnownFileType = sourcecode.swift; path = Constants.swift; sourceTree = "<group>"; };
		2747C4091D89A772003FB864 /* ReceiptLabel.swift */ = {isa = PBXFileReference; fileEncoding = 4; lastKnownFileType = sourcecode.swift; path = ReceiptLabel.swift; sourceTree = "<group>"; };
		275D46171D5179BD0040E64A /* LoadingIndicatorView.swift */ = {isa = PBXFileReference; fileEncoding = 4; lastKnownFileType = sourcecode.swift; path = LoadingIndicatorView.swift; sourceTree = "<group>"; };
		27689CDA1D88D3FE00ECC2CD /* Base */ = {isa = PBXFileReference; lastKnownFileType = file.storyboard; name = Base; path = Base.lproj/Settings.storyboard; sourceTree = "<group>"; };
		277207E31DA944950020F608 /* ShareViewController.swift */ = {isa = PBXFileReference; fileEncoding = 4; lastKnownFileType = sourcecode.swift; path = ShareViewController.swift; sourceTree = "<group>"; };
		277207E51DA995340020F608 /* PostsTableViewController.swift */ = {isa = PBXFileReference; fileEncoding = 4; lastKnownFileType = sourcecode.swift; path = PostsTableViewController.swift; sourceTree = "<group>"; };
		277207E71DA999C90020F608 /* PostCellTableViewCell.swift */ = {isa = PBXFileReference; fileEncoding = 4; lastKnownFileType = sourcecode.swift; path = PostCellTableViewCell.swift; sourceTree = "<group>"; };
		277207EB1DA99A850020F608 /* Post.swift */ = {isa = PBXFileReference; fileEncoding = 4; lastKnownFileType = sourcecode.swift; path = Post.swift; sourceTree = "<group>"; };
		277207ED1DA9AAB60020F608 /* AboutViewController.swift */ = {isa = PBXFileReference; fileEncoding = 4; lastKnownFileType = sourcecode.swift; path = AboutViewController.swift; sourceTree = "<group>"; };
		277794781D890176006E9CC6 /* Base */ = {isa = PBXFileReference; lastKnownFileType = text.plist.strings; name = Base; path = Base.lproj/Localizable.strings; sourceTree = "<group>"; };
		277C5F5E1DA18BA1002ACD04 /* HistoryTableViewCell.swift */ = {isa = PBXFileReference; fileEncoding = 4; lastKnownFileType = sourcecode.swift; path = HistoryTableViewCell.swift; sourceTree = "<group>"; };
		27876B341D8C73ED004E7CFF /* HistoryTableViewController.swift */ = {isa = PBXFileReference; fileEncoding = 4; lastKnownFileType = sourcecode.swift; path = HistoryTableViewController.swift; sourceTree = "<group>"; };
		278C49A61D33FA5A00D43AAF /* PresentViewController.swift */ = {isa = PBXFileReference; fileEncoding = 4; lastKnownFileType = sourcecode.swift; path = PresentViewController.swift; sourceTree = "<group>"; };
		278C49A81D33FBBE00D43AAF /* LoginViewController.swift */ = {isa = PBXFileReference; fileEncoding = 4; lastKnownFileType = sourcecode.swift; path = LoginViewController.swift; sourceTree = "<group>"; };
		2790778A1D468C4B005BA179 /* AuthProtocol.swift */ = {isa = PBXFileReference; fileEncoding = 4; lastKnownFileType = sourcecode.swift; path = AuthProtocol.swift; sourceTree = "<group>"; };
		2790778E1D468D8C005BA179 /* DatabaseProtocol.swift */ = {isa = PBXFileReference; fileEncoding = 4; lastKnownFileType = sourcecode.swift; path = DatabaseProtocol.swift; sourceTree = "<group>"; };
		279D0B121D3AC53800BC1D4C /* User.swift */ = {isa = PBXFileReference; fileEncoding = 4; lastKnownFileType = sourcecode.swift; path = User.swift; sourceTree = "<group>"; };
		279D0B141D3AC54200BC1D4C /* Car.swift */ = {isa = PBXFileReference; fileEncoding = 4; lastKnownFileType = sourcecode.swift; path = Car.swift; sourceTree = "<group>"; };
		279D0B161D3AC54B00BC1D4C /* Ticket.swift */ = {isa = PBXFileReference; fileEncoding = 4; lastKnownFileType = sourcecode.swift; path = Ticket.swift; sourceTree = "<group>"; };
		279F16D81D3572D600CC0C9D /* Extension.swift */ = {isa = PBXFileReference; fileEncoding = 4; lastKnownFileType = sourcecode.swift; path = Extension.swift; sourceTree = "<group>"; };
		27ABD5511D42DA3100C11469 /* StorageProtocol.swift */ = {isa = PBXFileReference; fileEncoding = 4; lastKnownFileType = sourcecode.swift; path = StorageProtocol.swift; sourceTree = "<group>"; };
		27AD34311D395B0D0084E8FE /* Protocols.swift */ = {isa = PBXFileReference; fileEncoding = 4; lastKnownFileType = sourcecode.swift; path = Protocols.swift; sourceTree = "<group>"; };
		27B14DC21DB2ACF600A6DE16 /* UserNotifications.framework */ = {isa = PBXFileReference; lastKnownFileType = wrapper.framework; name = UserNotifications.framework; path = System/Library/Frameworks/UserNotifications.framework; sourceTree = SDKROOT; };
		27B14DC31DB2ACF600A6DE16 /* UserNotificationsUI.framework */ = {isa = PBXFileReference; lastKnownFileType = wrapper.framework; name = UserNotificationsUI.framework; path = System/Library/Frameworks/UserNotificationsUI.framework; sourceTree = SDKROOT; };
		27C2B9311D89D71300F6551B /* ConfirmationViewController.swift */ = {isa = PBXFileReference; fileEncoding = 4; lastKnownFileType = sourcecode.swift; path = ConfirmationViewController.swift; sourceTree = "<group>"; };
		27C5292A1D86482800D43616 /* RegisterTextField.swift */ = {isa = PBXFileReference; fileEncoding = 4; lastKnownFileType = sourcecode.swift; path = RegisterTextField.swift; sourceTree = "<group>"; };
		27C7BA401D4704C200746C97 /* ProfileEditViewController.swift */ = {isa = PBXFileReference; fileEncoding = 4; lastKnownFileType = sourcecode.swift; path = ProfileEditViewController.swift; sourceTree = "<group>"; };
		27C7BA421D4704D300746C97 /* CarEditViewController.swift */ = {isa = PBXFileReference; fileEncoding = 4; lastKnownFileType = sourcecode.swift; path = CarEditViewController.swift; sourceTree = "<group>"; };
		27C7BA441D4704DE00746C97 /* CardEditViewController.swift */ = {isa = PBXFileReference; fileEncoding = 4; lastKnownFileType = sourcecode.swift; path = CardEditViewController.swift; sourceTree = "<group>"; };
		27C7BA461D47063200746C97 /* SettingsTableViewController.swift */ = {isa = PBXFileReference; fileEncoding = 4; lastKnownFileType = sourcecode.swift; path = SettingsTableViewController.swift; sourceTree = "<group>"; };
		27D4D63F1D33E661007BB63A /* Azul Digital.app */ = {isa = PBXFileReference; explicitFileType = wrapper.application; includeInIndex = 0; path = "Azul Digital.app"; sourceTree = BUILT_PRODUCTS_DIR; };
		27D4D6421D33E661007BB63A /* AppDelegate.swift */ = {isa = PBXFileReference; lastKnownFileType = sourcecode.swift; path = AppDelegate.swift; sourceTree = "<group>"; };
		27D4D6471D33E661007BB63A /* Base */ = {isa = PBXFileReference; lastKnownFileType = file.storyboard; name = Base; path = Base.lproj/Main.storyboard; sourceTree = "<group>"; };
		27D4D6491D33E661007BB63A /* Assets.xcassets */ = {isa = PBXFileReference; lastKnownFileType = folder.assetcatalog; path = Assets.xcassets; sourceTree = "<group>"; };
		27D4D64C1D33E661007BB63A /* Base */ = {isa = PBXFileReference; lastKnownFileType = file.storyboard; name = Base; path = Base.lproj/LaunchScreen.storyboard; sourceTree = "<group>"; };
		27D4D64E1D33E661007BB63A /* Info.plist */ = {isa = PBXFileReference; lastKnownFileType = text.plist.xml; path = Info.plist; sourceTree = "<group>"; };
		4C40B5981BC78DAE73D2587C /* Pods_Azul_Digital.framework */ = {isa = PBXFileReference; explicitFileType = wrapper.framework; includeInIndex = 0; path = Pods_Azul_Digital.framework; sourceTree = BUILT_PRODUCTS_DIR; };
		78AABDC445D1127DE4923E8E /* Pods-Azul Digital.release.xcconfig */ = {isa = PBXFileReference; includeInIndex = 1; lastKnownFileType = text.xcconfig; name = "Pods-Azul Digital.release.xcconfig"; path = "Pods/Target Support Files/Pods-Azul Digital/Pods-Azul Digital.release.xcconfig"; sourceTree = "<group>"; };
/* End PBXFileReference section */

/* Begin PBXFrameworksBuildPhase section */
		27D4D63C1D33E661007BB63A /* Frameworks */ = {
			isa = PBXFrameworksBuildPhase;
			buildActionMask = 2147483647;
			files = (
				27B14DC41DB2ACF600A6DE16 /* UserNotifications.framework in Frameworks */,
				27B14DC51DB2ACF600A6DE16 /* UserNotificationsUI.framework in Frameworks */,
				FCF2DE1F1AC99B908C83CB62 /* Pods_Azul_Digital.framework in Frameworks */,
			);
			runOnlyForDeploymentPostprocessing = 0;
		};
/* End PBXFrameworksBuildPhase section */

/* Begin PBXGroup section */
		273A9BA01D8AD45900AD9EC5 /* Designables */ = {
			isa = PBXGroup;
			children = (
				2747C4091D89A772003FB864 /* ReceiptLabel.swift */,
				27C5292A1D86482800D43616 /* RegisterTextField.swift */,
			);
			path = Designables;
			sourceTree = "<group>";
		};
		2790778D1D468CFB005BA179 /* Protocol */ = {
			isa = PBXGroup;
			children = (
				2790778A1D468C4B005BA179 /* AuthProtocol.swift */,
				2790778E1D468D8C005BA179 /* DatabaseProtocol.swift */,
				27AD34311D395B0D0084E8FE /* Protocols.swift */,
				27ABD5511D42DA3100C11469 /* StorageProtocol.swift */,
			);
			path = Protocol;
			sourceTree = "<group>";
		};
		279D0B111D3AC52600BC1D4C /* Model */ = {
			isa = PBXGroup;
			children = (
				279D0B141D3AC54200BC1D4C /* Car.swift */,
				277207EB1DA99A850020F608 /* Post.swift */,
				279D0B161D3AC54B00BC1D4C /* Ticket.swift */,
				279D0B121D3AC53800BC1D4C /* User.swift */,
			);
			path = Model;
			sourceTree = "<group>";
		};
		27B50B701D46D147009BF635 /* Settings */ = {
			isa = PBXGroup;
			children = (
				277207ED1DA9AAB60020F608 /* AboutViewController.swift */,
				27C7BA421D4704D300746C97 /* CarEditViewController.swift */,
				27C7BA441D4704DE00746C97 /* CardEditViewController.swift */,
				277C5F5E1DA18BA1002ACD04 /* HistoryTableViewCell.swift */,
				27876B341D8C73ED004E7CFF /* HistoryTableViewController.swift */,
				27C7BA401D4704C200746C97 /* ProfileEditViewController.swift */,
				27689CDB1D88D3FE00ECC2CD /* Settings.storyboard */,
				27C7BA461D47063200746C97 /* SettingsTableViewController.swift */,
			);
			path = Settings;
			sourceTree = "<group>";
		};
		27CBD2A91D34451F00B01D6E /* Register */ = {
			isa = PBXGroup;
			children = (
				2728D1C81D3432B600694B53 /* CarViewController.swift */,
				2728D1CA1D3434F300694B53 /* CardViewController.swift */,
				2728D1C61D34319000694B53 /* ProfileViewController.swift */,
				2728D1D41D3439B500694B53 /* Register.storyboard */,
			);
			path = Register;
			sourceTree = "<group>";
		};
		27CBD2AA1D34454100B01D6E /* Present */ = {
			isa = PBXGroup;
			children = (
				2728D1C41D341FB200694B53 /* CreateAccViewController.swift */,
				278C49A81D33FBBE00D43AAF /* LoginViewController.swift */,
				27D4D6461D33E661007BB63A /* Main.storyboard */,
				278C49A61D33FA5A00D43AAF /* PresentViewController.swift */,
			);
			path = Present;
			sourceTree = "<group>";
		};
		27CBD2AB1D34454F00B01D6E /* Map */ = {
			isa = PBXGroup;
			children = (
				273360F31D8620E6009B20B0 /* BuyTicketViewController.swift */,
				27C2B9311D89D71300F6551B /* ConfirmationViewController.swift */,
				2728D1CF1D34386000694B53 /* Map.storyboard */,
				2728D1D21D3438B800694B53 /* MapViewController.swift */,
				277207E71DA999C90020F608 /* PostCellTableViewCell.swift */,
				277207E51DA995340020F608 /* PostsTableViewController.swift */,
				277207E31DA944950020F608 /* ShareViewController.swift */,
			);
			path = Map;
			sourceTree = "<group>";
		};
		27CBD2AC1D34455900B01D6E /* Supporting Files */ = {
			isa = PBXGroup;
			children = (
				273A9BA01D8AD45900AD9EC5 /* Designables */,
				2790778D1D468CFB005BA179 /* Protocol */,
				27D4D6421D33E661007BB63A /* AppDelegate.swift */,
				27D4D6491D33E661007BB63A /* Assets.xcassets */,
				273810601DA9AE9E006AFABE /* Azul Digital.entitlements */,
				273A9BA31D8AD47A00AD9EC5 /* Constants.swift */,
				279F16D81D3572D600CC0C9D /* Extension.swift */,
				272ECE2C1D3ED0CC00E251DF /* GoogleService-Info.plist */,
				27D4D64E1D33E661007BB63A /* Info.plist */,
				27D4D64B1D33E661007BB63A /* LaunchScreen.storyboard */,
				275D46171D5179BD0040E64A /* LoadingIndicatorView.swift */,
				277794771D890171006E9CC6 /* Localizable.strings */,
				270525D41D861ACA001DEB03 /* SharedNavigationController.swift */,
			);
			path = "Supporting Files";
			sourceTree = "<group>";
		};
		27D4D6361D33E661007BB63A = {
			isa = PBXGroup;
			children = (
				27D4D6411D33E661007BB63A /* Azul Digital */,
				B092E07884898CD39D0B968C /* Frameworks */,
				A35206380E51DBAC2234AA5D /* Pods */,
				27D4D6401D33E661007BB63A /* Products */,
			);
			sourceTree = "<group>";
		};
		27D4D6401D33E661007BB63A /* Products */ = {
			isa = PBXGroup;
			children = (
				27D4D63F1D33E661007BB63A /* Azul Digital.app */,
			);
			name = Products;
			sourceTree = "<group>";
		};
		27D4D6411D33E661007BB63A /* Azul Digital */ = {
			isa = PBXGroup;
			children = (
				27CBD2AB1D34454F00B01D6E /* Map */,
				279D0B111D3AC52600BC1D4C /* Model */,
				27CBD2AA1D34454100B01D6E /* Present */,
				27CBD2A91D34451F00B01D6E /* Register */,
				27B50B701D46D147009BF635 /* Settings */,
				27CBD2AC1D34455900B01D6E /* Supporting Files */,
			);
			path = "Azul Digital";
			sourceTree = "<group>";
		};
		A35206380E51DBAC2234AA5D /* Pods */ = {
			isa = PBXGroup;
			children = (
				0C1CE793A240DB8FA3FC0C0C /* Pods-Azul Digital.debug.xcconfig */,
				78AABDC445D1127DE4923E8E /* Pods-Azul Digital.release.xcconfig */,
			);
			name = Pods;
			sourceTree = "<group>";
		};
		B092E07884898CD39D0B968C /* Frameworks */ = {
			isa = PBXGroup;
			children = (
				27B14DC21DB2ACF600A6DE16 /* UserNotifications.framework */,
				27B14DC31DB2ACF600A6DE16 /* UserNotificationsUI.framework */,
				4C40B5981BC78DAE73D2587C /* Pods_Azul_Digital.framework */,
			);
			name = Frameworks;
			sourceTree = "<group>";
		};
/* End PBXGroup section */

/* Begin PBXNativeTarget section */
		27D4D63E1D33E661007BB63A /* Azul Digital */ = {
			isa = PBXNativeTarget;
			buildConfigurationList = 27D4D6511D33E661007BB63A /* Build configuration list for PBXNativeTarget "Azul Digital" */;
			buildPhases = (
				4191C1406FD18D03F5B2A315 /* [CP] Check Pods Manifest.lock */,
				27D4D63B1D33E661007BB63A /* Sources */,
				27D4D63C1D33E661007BB63A /* Frameworks */,
				27D4D63D1D33E661007BB63A /* Resources */,
				D1CF9EEA0333ECD6F404EAB6 /* [CP] Embed Pods Frameworks */,
				24997450657CD603C189569D /* [CP] Copy Pods Resources */,
				278717221D44293900D413F7 /* ShellScript */,
			);
			buildRules = (
			);
			dependencies = (
			);
			name = "Azul Digital";
			productName = "Azul Digital";
			productReference = 27D4D63F1D33E661007BB63A /* Azul Digital.app */;
			productType = "com.apple.product-type.application";
		};
/* End PBXNativeTarget section */

/* Begin PBXProject section */
		27D4D6371D33E661007BB63A /* Project object */ = {
			isa = PBXProject;
			attributes = {
				LastSwiftUpdateCheck = 0800;
				LastUpgradeCheck = 0810;
				ORGANIZATIONNAME = "Leonardo Tsuda";
				TargetAttributes = {
					27D4D63E1D33E661007BB63A = {
						CreatedOnToolsVersion = 8.0;
						DevelopmentTeam = H7US45YQ9L;
						DevelopmentTeamName = "Leonardo Tsuda";
						LastSwiftMigration = 0800;
						ProvisioningStyle = Automatic;
						SystemCapabilities = {
							com.apple.BackgroundModes = {
								enabled = 0;
							};
							com.apple.Keychain = {
								enabled = 1;
							};
							com.apple.Push = {
								enabled = 0;
							};
						};
					};
				};
			};
			buildConfigurationList = 27D4D63A1D33E661007BB63A /* Build configuration list for PBXProject "Azul Digital" */;
			compatibilityVersion = "Xcode 3.2";
			developmentRegion = English;
			hasScannedForEncodings = 0;
			knownRegions = (
				en,
				Base,
			);
			mainGroup = 27D4D6361D33E661007BB63A;
			productRefGroup = 27D4D6401D33E661007BB63A /* Products */;
			projectDirPath = "";
			projectRoot = "";
			targets = (
				27D4D63E1D33E661007BB63A /* Azul Digital */,
			);
		};
/* End PBXProject section */

/* Begin PBXResourcesBuildPhase section */
		27D4D63D1D33E661007BB63A /* Resources */ = {
			isa = PBXResourcesBuildPhase;
			buildActionMask = 2147483647;
			files = (
				27D4D64D1D33E661007BB63A /* LaunchScreen.storyboard in Resources */,
				27D4D64A1D33E661007BB63A /* Assets.xcassets in Resources */,
				27D4D6481D33E661007BB63A /* Main.storyboard in Resources */,
				2728D1D11D34386000694B53 /* Map.storyboard in Resources */,
				277794751D890171006E9CC6 /* Localizable.strings in Resources */,
				2728D1D61D3439B500694B53 /* Register.storyboard in Resources */,
				272ECE2D1D3ED0CC00E251DF /* GoogleService-Info.plist in Resources */,
				27689CD91D88D3FE00ECC2CD /* Settings.storyboard in Resources */,
			);
			runOnlyForDeploymentPostprocessing = 0;
		};
/* End PBXResourcesBuildPhase section */

/* Begin PBXShellScriptBuildPhase section */
		24997450657CD603C189569D /* [CP] Copy Pods Resources */ = {
			isa = PBXShellScriptBuildPhase;
			buildActionMask = 2147483647;
			files = (
			);
			inputPaths = (
			);
			name = "[CP] Copy Pods Resources";
			outputPaths = (
			);
			runOnlyForDeploymentPostprocessing = 0;
			shellPath = /bin/sh;
			shellScript = "\"${SRCROOT}/Pods/Target Support Files/Pods-Azul Digital/Pods-Azul Digital-resources.sh\"\n";
			showEnvVarsInLog = 0;
		};
		278717221D44293900D413F7 /* ShellScript */ = {
			isa = PBXShellScriptBuildPhase;
			buildActionMask = 2147483647;
			files = (
			);
			inputPaths = (
			);
			outputPaths = (
			);
			runOnlyForDeploymentPostprocessing = 0;
			shellPath = /bin/sh;
			shellScript = "TAGS=\"TODO:|FIXME:\"\nfind \"${SRCROOT}\" \\( -name \"*.h\" -or -name \"*.m\" -or -name \"*.swift\" \\) -print0 | xargs -0 egrep --with-filename --line-number --only-matching \"($TAGS).*\\$\" | perl -p -e \"s/($TAGS)/ warning: \\$1/\"";
		};
		4191C1406FD18D03F5B2A315 /* [CP] Check Pods Manifest.lock */ = {
			isa = PBXShellScriptBuildPhase;
			buildActionMask = 2147483647;
			files = (
			);
			inputPaths = (
			);
			name = "[CP] Check Pods Manifest.lock";
			outputPaths = (
			);
			runOnlyForDeploymentPostprocessing = 0;
			shellPath = /bin/sh;
			shellScript = "diff \"${PODS_ROOT}/../Podfile.lock\" \"${PODS_ROOT}/Manifest.lock\" > /dev/null\nif [ $? != 0 ] ; then\n    # print error to STDERR\n    echo \"error: The sandbox is not in sync with the Podfile.lock. Run 'pod install' or update your CocoaPods installation.\" >&2\n    exit 1\nfi\n";
			showEnvVarsInLog = 0;
		};
		D1CF9EEA0333ECD6F404EAB6 /* [CP] Embed Pods Frameworks */ = {
			isa = PBXShellScriptBuildPhase;
			buildActionMask = 2147483647;
			files = (
			);
			inputPaths = (
			);
			name = "[CP] Embed Pods Frameworks";
			outputPaths = (
			);
			runOnlyForDeploymentPostprocessing = 0;
			shellPath = /bin/sh;
			shellScript = "\"${SRCROOT}/Pods/Target Support Files/Pods-Azul Digital/Pods-Azul Digital-frameworks.sh\"\n";
			showEnvVarsInLog = 0;
		};
/* End PBXShellScriptBuildPhase section */

/* Begin PBXSourcesBuildPhase section */
		27D4D63B1D33E661007BB63A /* Sources */ = {
			isa = PBXSourcesBuildPhase;
			buildActionMask = 2147483647;
			files = (
				278C49A91D33FBBE00D43AAF /* LoginViewController.swift in Sources */,
				2790778B1D468C4B005BA179 /* AuthProtocol.swift in Sources */,
				2728D1CB1D3434F300694B53 /* CardViewController.swift in Sources */,
				2728D1C91D3432B600694B53 /* CarViewController.swift in Sources */,
				27876B351D8C73ED004E7CFF /* HistoryTableViewController.swift in Sources */,
				27AD34321D395B0D0084E8FE /* Protocols.swift in Sources */,
				277207E61DA995340020F608 /* PostsTableViewController.swift in Sources */,
				279D0B151D3AC54200BC1D4C /* Car.swift in Sources */,
				277C5F5F1DA18BA1002ACD04 /* HistoryTableViewCell.swift in Sources */,
				279D0B171D3AC54B00BC1D4C /* Ticket.swift in Sources */,
				2747C40A1D89A772003FB864 /* ReceiptLabel.swift in Sources */,
				278C49A71D33FA5A00D43AAF /* PresentViewController.swift in Sources */,
				277207EC1DA99A850020F608 /* Post.swift in Sources */,
				27C7BA431D4704D300746C97 /* CarEditViewController.swift in Sources */,
				277207E41DA944950020F608 /* ShareViewController.swift in Sources */,
				27ABD5521D42DA3100C11469 /* StorageProtocol.swift in Sources */,
				270525D51D861ACA001DEB03 /* SharedNavigationController.swift in Sources */,
				273360F51D8620E6009B20B0 /* BuyTicketViewController.swift in Sources */,
				2728D1C71D34319000694B53 /* ProfileViewController.swift in Sources */,
				27C5292B1D86482800D43616 /* RegisterTextField.swift in Sources */,
				27C7BA411D4704C200746C97 /* ProfileEditViewController.swift in Sources */,
				279F16D91D3572D600CC0C9D /* Extension.swift in Sources */,
				275D46181D5179BD0040E64A /* LoadingIndicatorView.swift in Sources */,
				2728D1C51D341FB200694B53 /* CreateAccViewController.swift in Sources */,
				27C7BA451D4704DE00746C97 /* CardEditViewController.swift in Sources */,
				279D0B131D3AC53800BC1D4C /* User.swift in Sources */,
				277207EE1DA9AAB60020F608 /* AboutViewController.swift in Sources */,
				27D4D6431D33E661007BB63A /* AppDelegate.swift in Sources */,
				2790778F1D468D8C005BA179 /* DatabaseProtocol.swift in Sources */,
				2728D1D31D3438B800694B53 /* MapViewController.swift in Sources */,
				27C2B9321D89D71300F6551B /* ConfirmationViewController.swift in Sources */,
				27C7BA471D47063200746C97 /* SettingsTableViewController.swift in Sources */,
				273A9BA41D8AD47A00AD9EC5 /* Constants.swift in Sources */,
				277207E81DA999C90020F608 /* PostCellTableViewCell.swift in Sources */,
			);
			runOnlyForDeploymentPostprocessing = 0;
		};
/* End PBXSourcesBuildPhase section */

/* Begin PBXVariantGroup section */
		2728D1CF1D34386000694B53 /* Map.storyboard */ = {
			isa = PBXVariantGroup;
			children = (
				2728D1D01D34386000694B53 /* Base */,
			);
			name = Map.storyboard;
			path = .;
			sourceTree = "<group>";
		};
		2728D1D41D3439B500694B53 /* Register.storyboard */ = {
			isa = PBXVariantGroup;
			children = (
				2728D1D51D3439B500694B53 /* Base */,
			);
			name = Register.storyboard;
			path = .;
			sourceTree = "<group>";
		};
		27689CDB1D88D3FE00ECC2CD /* Settings.storyboard */ = {
			isa = PBXVariantGroup;
			children = (
				27689CDA1D88D3FE00ECC2CD /* Base */,
			);
			name = Settings.storyboard;
			path = .;
			sourceTree = "<group>";
		};
		277794771D890171006E9CC6 /* Localizable.strings */ = {
			isa = PBXVariantGroup;
			children = (
				277794781D890176006E9CC6 /* Base */,
			);
			name = Localizable.strings;
			path = .;
			sourceTree = "<group>";
		};
		27D4D6461D33E661007BB63A /* Main.storyboard */ = {
			isa = PBXVariantGroup;
			children = (
				27D4D6471D33E661007BB63A /* Base */,
			);
			name = Main.storyboard;
			path = .;
			sourceTree = "<group>";
		};
		27D4D64B1D33E661007BB63A /* LaunchScreen.storyboard */ = {
			isa = PBXVariantGroup;
			children = (
				27D4D64C1D33E661007BB63A /* Base */,
			);
			name = LaunchScreen.storyboard;
			path = .;
			sourceTree = "<group>";
		};
/* End PBXVariantGroup section */

/* Begin XCBuildConfiguration section */
		27D4D64F1D33E661007BB63A /* Debug */ = {
			isa = XCBuildConfiguration;
			buildSettings = {
				ALWAYS_SEARCH_USER_PATHS = NO;
				CLANG_ANALYZER_LOCALIZABILITY_NONLOCALIZED = YES;
				CLANG_ANALYZER_NONNULL = YES;
				CLANG_CXX_LANGUAGE_STANDARD = "gnu++0x";
				CLANG_CXX_LIBRARY = "libc++";
				CLANG_ENABLE_MODULES = YES;
				CLANG_ENABLE_OBJC_ARC = YES;
				CLANG_WARN_BOOL_CONVERSION = YES;
				CLANG_WARN_CONSTANT_CONVERSION = YES;
				CLANG_WARN_DIRECT_OBJC_ISA_USAGE = YES_ERROR;
				CLANG_WARN_DOCUMENTATION_COMMENTS = YES;
				CLANG_WARN_EMPTY_BODY = YES;
				CLANG_WARN_ENUM_CONVERSION = YES;
				CLANG_WARN_INFINITE_RECURSION = YES;
				CLANG_WARN_INT_CONVERSION = YES;
				CLANG_WARN_OBJC_ROOT_CLASS = YES_ERROR;
				CLANG_WARN_SUSPICIOUS_MOVE = YES;
				CLANG_WARN_UNREACHABLE_CODE = YES;
				CLANG_WARN__DUPLICATE_METHOD_MATCH = YES;
				"CODE_SIGN_ENTITLEMENTS[sdk=*]" = "";
				"CODE_SIGN_IDENTITY[sdk=iphoneos*]" = "iPhone Developer";
				COPY_PHASE_STRIP = NO;
				DEBUG_INFORMATION_FORMAT = dwarf;
				ENABLE_STRICT_OBJC_MSGSEND = YES;
				ENABLE_TESTABILITY = YES;
				GCC_C_LANGUAGE_STANDARD = gnu99;
				GCC_DYNAMIC_NO_PIC = NO;
				GCC_NO_COMMON_BLOCKS = YES;
				GCC_OPTIMIZATION_LEVEL = 0;
				GCC_PREPROCESSOR_DEFINITIONS = (
					"DEBUG=1",
					"$(inherited)",
				);
				GCC_WARN_64_TO_32_BIT_CONVERSION = YES;
				GCC_WARN_ABOUT_RETURN_TYPE = YES_ERROR;
				GCC_WARN_UNDECLARED_SELECTOR = YES;
				GCC_WARN_UNINITIALIZED_AUTOS = YES_AGGRESSIVE;
				GCC_WARN_UNUSED_FUNCTION = YES;
				GCC_WARN_UNUSED_VARIABLE = YES;
				IPHONEOS_DEPLOYMENT_TARGET = 10.0;
				MTL_ENABLE_DEBUG_INFO = YES;
				ONLY_ACTIVE_ARCH = YES;
				SDKROOT = iphoneos;
				SWIFT_ACTIVE_COMPILATION_CONDITIONS = DEBUG;
				SWIFT_OPTIMIZATION_LEVEL = "-Onone";
			};
			name = Debug;
		};
		27D4D6501D33E661007BB63A /* Release */ = {
			isa = XCBuildConfiguration;
			buildSettings = {
				ALWAYS_SEARCH_USER_PATHS = NO;
				CLANG_ANALYZER_LOCALIZABILITY_NONLOCALIZED = YES;
				CLANG_ANALYZER_NONNULL = YES;
				CLANG_CXX_LANGUAGE_STANDARD = "gnu++0x";
				CLANG_CXX_LIBRARY = "libc++";
				CLANG_ENABLE_MODULES = YES;
				CLANG_ENABLE_OBJC_ARC = YES;
				CLANG_WARN_BOOL_CONVERSION = YES;
				CLANG_WARN_CONSTANT_CONVERSION = YES;
				CLANG_WARN_DIRECT_OBJC_ISA_USAGE = YES_ERROR;
				CLANG_WARN_DOCUMENTATION_COMMENTS = YES;
				CLANG_WARN_EMPTY_BODY = YES;
				CLANG_WARN_ENUM_CONVERSION = YES;
				CLANG_WARN_INFINITE_RECURSION = YES;
				CLANG_WARN_INT_CONVERSION = YES;
				CLANG_WARN_OBJC_ROOT_CLASS = YES_ERROR;
				CLANG_WARN_SUSPICIOUS_MOVE = YES;
				CLANG_WARN_UNREACHABLE_CODE = YES;
				CLANG_WARN__DUPLICATE_METHOD_MATCH = YES;
				"CODE_SIGN_ENTITLEMENTS[sdk=*]" = "";
				"CODE_SIGN_IDENTITY[sdk=iphoneos*]" = "iPhone Developer";
				COPY_PHASE_STRIP = NO;
				DEBUG_INFORMATION_FORMAT = "dwarf-with-dsym";
				ENABLE_NS_ASSERTIONS = NO;
				ENABLE_STRICT_OBJC_MSGSEND = YES;
				GCC_C_LANGUAGE_STANDARD = gnu99;
				GCC_NO_COMMON_BLOCKS = YES;
				GCC_WARN_64_TO_32_BIT_CONVERSION = YES;
				GCC_WARN_ABOUT_RETURN_TYPE = YES_ERROR;
				GCC_WARN_UNDECLARED_SELECTOR = YES;
				GCC_WARN_UNINITIALIZED_AUTOS = YES_AGGRESSIVE;
				GCC_WARN_UNUSED_FUNCTION = YES;
				GCC_WARN_UNUSED_VARIABLE = YES;
				IPHONEOS_DEPLOYMENT_TARGET = 10.0;
				MTL_ENABLE_DEBUG_INFO = NO;
				SDKROOT = iphoneos;
				SWIFT_OPTIMIZATION_LEVEL = "-Owholemodule";
				VALIDATE_PRODUCT = YES;
			};
			name = Release;
		};
		27D4D6521D33E661007BB63A /* Debug */ = {
			isa = XCBuildConfiguration;
			baseConfigurationReference = 0C1CE793A240DB8FA3FC0C0C /* Pods-Azul Digital.debug.xcconfig */;
			buildSettings = {
				ALWAYS_EMBED_SWIFT_STANDARD_LIBRARIES = YES;
				ASSETCATALOG_COMPILER_APPICON_NAME = AppIcon;
				CODE_SIGN_ENTITLEMENTS = "Azul Digital/Supporting Files/Azul Digital.entitlements";
				"CODE_SIGN_IDENTITY[sdk=iphoneos*]" = "iPhone Developer";
				DEVELOPMENT_TEAM = H7US45YQ9L;
				INFOPLIST_FILE = "Azul Digital/Supporting Files/Info.plist";
				IPHONEOS_DEPLOYMENT_TARGET = 10.0;
				LD_RUNPATH_SEARCH_PATHS = "$(inherited) @executable_path/Frameworks";
				PRODUCT_BUNDLE_IDENTIFIER = "io.github.ltsuda.Azul-Digital";
				PRODUCT_NAME = "$(TARGET_NAME)";
				SWIFT_VERSION = 3.0;
			};
			name = Debug;
		};
		27D4D6531D33E661007BB63A /* Release */ = {
			isa = XCBuildConfiguration;
			baseConfigurationReference = 78AABDC445D1127DE4923E8E /* Pods-Azul Digital.release.xcconfig */;
			buildSettings = {
				ALWAYS_EMBED_SWIFT_STANDARD_LIBRARIES = YES;
				ASSETCATALOG_COMPILER_APPICON_NAME = AppIcon;
				CODE_SIGN_ENTITLEMENTS = "Azul Digital/Supporting Files/Azul Digital.entitlements";
				"CODE_SIGN_IDENTITY[sdk=iphoneos*]" = "iPhone Developer";
				DEVELOPMENT_TEAM = H7US45YQ9L;
				INFOPLIST_FILE = "Azul Digital/Supporting Files/Info.plist";
				IPHONEOS_DEPLOYMENT_TARGET = 10.0;
				LD_RUNPATH_SEARCH_PATHS = "$(inherited) @executable_path/Frameworks";
				PRODUCT_BUNDLE_IDENTIFIER = "io.github.ltsuda.Azul-Digital";
				PRODUCT_NAME = "$(TARGET_NAME)";
				SWIFT_VERSION = 3.0;
			};
			name = Release;
		};
/* End XCBuildConfiguration section */

/* Begin XCConfigurationList section */
		27D4D63A1D33E661007BB63A /* Build configuration list for PBXProject "Azul Digital" */ = {
			isa = XCConfigurationList;
			buildConfigurations = (
				27D4D64F1D33E661007BB63A /* Debug */,
				27D4D6501D33E661007BB63A /* Release */,
			);
			defaultConfigurationIsVisible = 0;
			defaultConfigurationName = Release;
		};
		27D4D6511D33E661007BB63A /* Build configuration list for PBXNativeTarget "Azul Digital" */ = {
			isa = XCConfigurationList;
			buildConfigurations = (
				27D4D6521D33E661007BB63A /* Debug */,
				27D4D6531D33E661007BB63A /* Release */,
			);
			defaultConfigurationIsVisible = 0;
			defaultConfigurationName = Release;
		};
/* End XCConfigurationList section */
	};
	rootObject = 27D4D6371D33E661007BB63A /* Project object */;
}
