// !$*UTF8*$!
{
	archiveVersion = 1;
	classes = {
	};
	objectVersion = 46;
	objects = {

/* Begin PBXBuildFile section */
		27D4D6431D33E661007BB63A /* AppDelegate.swift in Sources */ = {isa = PBXBuildFile; fileRef = 27D4D6421D33E661007BB63A /* AppDelegate.swift */; };
		27D4D6451D33E661007BB63A /* ViewController.swift in Sources */ = {isa = PBXBuildFile; fileRef = 27D4D6441D33E661007BB63A /* ViewController.swift */; };
		27D4D6481D33E661007BB63A /* Main.storyboard in Resources */ = {isa = PBXBuildFile; fileRef = 27D4D6461D33E661007BB63A /* Main.storyboard */; };
		27D4D64A1D33E661007BB63A /* Assets.xcassets in Resources */ = {isa = PBXBuildFile; fileRef = 27D4D6491D33E661007BB63A /* Assets.xcassets */; };
		27D4D64D1D33E661007BB63A /* LaunchScreen.storyboard in Resources */ = {isa = PBXBuildFile; fileRef = 27D4D64B1D33E661007BB63A /* LaunchScreen.storyboard */; };
/* End PBXBuildFile section */

/* Begin PBXFileReference section */
		27D4D63F1D33E661007BB63A /* Azul Digital.app */ = {isa = PBXFileReference; explicitFileType = wrapper.application; includeInIndex = 0; path = "Azul Digital.app"; sourceTree = BUILT_PRODUCTS_DIR; };
		27D4D6421D33E661007BB63A /* AppDelegate.swift */ = {isa = PBXFileReference; lastKnownFileType = sourcecode.swift; path = AppDelegate.swift; sourceTree = "<group>"; };
		27D4D6441D33E661007BB63A /* ViewController.swift */ = {isa = PBXFileReference; lastKnownFileType = sourcecode.swift; path = ViewController.swift; sourceTree = "<group>"; };
		27D4D6471D33E661007BB63A /* Base */ = {isa = PBXFileReference; lastKnownFileType = file.storyboard; name = Base; path = Base.lproj/Main.storyboard; sourceTree = "<group>"; };
		27D4D6491D33E661007BB63A /* Assets.xcassets */ = {isa = PBXFileReference; lastKnownFileType = folder.assetcatalog; path = Assets.xcassets; sourceTree = "<group>"; };
		27D4D64C1D33E661007BB63A /* Base */ = {isa = PBXFileReference; lastKnownFileType = file.storyboard; name = Base; path = Base.lproj/LaunchScreen.storyboard; sourceTree = "<group>"; };
		27D4D64E1D33E661007BB63A /* Info.plist */ = {isa = PBXFileReference; lastKnownFileType = text.plist.xml; path = Info.plist; sourceTree = "<group>"; };
/* End PBXFileReference section */

/* Begin PBXFrameworksBuildPhase section */
		27D4D63C1D33E661007BB63A /* Frameworks */ = {
			isa = PBXFrameworksBuildPhase;
			buildActionMask = 2147483647;
			files = (
			);
			runOnlyForDeploymentPostprocessing = 0;
		};
/* End PBXFrameworksBuildPhase section */

/* Begin PBXGroup section */
		27D4D6361D33E661007BB63A = {
			isa = PBXGroup;
			children = (
				27D4D6411D33E661007BB63A /* Azul Digital */,
				27D4D6401D33E661007BB63A /* Products */,
			);
			sourceTree = "<group>";
		};
		27D4D6401D33E661007BB63A /* Products */ = {
			isa = PBXGroup;
			children = (
				27D4D63F1D33E661007BB63A /* Azul Digital.app */,
			);
			name = Products;
			sourceTree = "<group>";
		};
		27D4D6411D33E661007BB63A /* Azul Digital */ = {
			isa = PBXGroup;
			children = (
				27D4D6421D33E661007BB63A /* AppDelegate.swift */,
				27D4D6441D33E661007BB63A /* ViewController.swift */,
				27D4D6461D33E661007BB63A /* Main.storyboard */,
				27D4D6491D33E661007BB63A /* Assets.xcassets */,
				27D4D64B1D33E661007BB63A /* LaunchScreen.storyboard */,
				27D4D64E1D33E661007BB63A /* Info.plist */,
			);
			path = "Azul Digital";
			sourceTree = "<group>";
		};
/* End PBXGroup section */

/* Begin PBXNativeTarget section */
		27D4D63E1D33E661007BB63A /* Azul Digital */ = {
			isa = PBXNativeTarget;
			buildConfigurationList = 27D4D6511D33E661007BB63A /* Build configuration list for PBXNativeTarget "Azul Digital" */;
			buildPhases = (
				27D4D63B1D33E661007BB63A /* Sources */,
				27D4D63C1D33E661007BB63A /* Frameworks */,
				27D4D63D1D33E661007BB63A /* Resources */,
			);
			buildRules = (
			);
			dependencies = (
			);
			name = "Azul Digital";
			productName = "Azul Digital";
			productReference = 27D4D63F1D33E661007BB63A /* Azul Digital.app */;
			productType = "com.apple.product-type.application";
		};
/* End PBXNativeTarget section */

/* Begin PBXProject section */
		27D4D6371D33E661007BB63A /* Project object */ = {
			isa = PBXProject;
			attributes = {
				LastSwiftUpdateCheck = 0800;
				LastUpgradeCheck = 0800;
				ORGANIZATIONNAME = "Leonardo Tsuda";
				TargetAttributes = {
					27D4D63E1D33E661007BB63A = {
						CreatedOnToolsVersion = 8.0;
						DevelopmentTeam = H7US45YQ9L;
						DevelopmentTeamName = "Leonardo Tsuda";
						ProvisioningStyle = Automatic;
					};
				};
			};
			buildConfigurationList = 27D4D63A1D33E661007BB63A /* Build configuration list for PBXProject "Azul Digital" */;
			compatibilityVersion = "Xcode 3.2";
			developmentRegion = English;
			hasScannedForEncodings = 0;
			knownRegions = (
				en,
				Base,
			);
			mainGroup = 27D4D6361D33E661007BB63A;
			productRefGroup = 27D4D6401D33E661007BB63A /* Products */;
			projectDirPath = "";
			projectRoot = "";
			targets = (
				27D4D63E1D33E661007BB63A /* Azul Digital */,
			);
		};
/* End PBXProject section */

/* Begin PBXResourcesBuildPhase section */
		27D4D63D1D33E661007BB63A /* Resources */ = {
			isa = PBXResourcesBuildPhase;
			buildActionMask = 2147483647;
			files = (
				27D4D64D1D33E661007BB63A /* LaunchScreen.storyboard in Resources */,
				27D4D64A1D33E661007BB63A /* Assets.xcassets in Resources */,
				27D4D6481D33E661007BB63A /* Main.storyboard in Resources */,
			);
			runOnlyForDeploymentPostprocessing = 0;
		};
/* End PBXResourcesBuildPhase section */

/* Begin PBXSourcesBuildPhase section */
		27D4D63B1D33E661007BB63A /* Sources */ = {
			isa = PBXSourcesBuildPhase;
			buildActionMask = 2147483647;
			files = (
				27D4D6451D33E661007BB63A /* ViewController.swift in Sources */,
				27D4D6431D33E661007BB63A /* AppDelegate.swift in Sources */,
			);
			runOnlyForDeploymentPostprocessing = 0;
		};
/* End PBXSourcesBuildPhase section */

/* Begin PBXVariantGroup section */
		27D4D6461D33E661007BB63A /* Main.storyboard */ = {
			isa = PBXVariantGroup;
			children = (
				27D4D6471D33E661007BB63A /* Base */,
			);
			name = Main.storyboard;
			sourceTree = "<group>";
		};
		27D4D64B1D33E661007BB63A /* LaunchScreen.storyboard */ = {
			isa = PBXVariantGroup;
			children = (
				27D4D64C1D33E661007BB63A /* Base */,
			);
			name = LaunchScreen.storyboard;
			sourceTree = "<group>";
		};
/* End PBXVariantGroup section */

/* Begin XCBuildConfiguration section */
		27D4D64F1D33E661007BB63A /* Debug */ = {
			isa = XCBuildConfiguration;
			buildSettings = {
				ALWAYS_SEARCH_USER_PATHS = NO;
				CLANG_ANALYZER_NONNULL = YES;
				CLANG_CXX_LANGUAGE_STANDARD = "gnu++0x";
				CLANG_CXX_LIBRARY = "libc++";
				CLANG_ENABLE_MODULES = YES;
				CLANG_ENABLE_OBJC_ARC = YES;
				CLANG_WARN_BOOL_CONVERSION = YES;
				CLANG_WARN_CONSTANT_CONVERSION = YES;
				CLANG_WARN_DIRECT_OBJC_ISA_USAGE = YES_ERROR;
				CLANG_WARN_DOCUMENTATION_COMMENTS = YES;
				CLANG_WARN_EMPTY_BODY = YES;
				CLANG_WARN_ENUM_CONVERSION = YES;
				CLANG_WARN_INT_CONVERSION = YES;
				CLANG_WARN_OBJC_ROOT_CLASS = YES_ERROR;
				CLANG_WARN_UNREACHABLE_CODE = YES;
				CLANG_WARN__DUPLICATE_METHOD_MATCH = YES;
				"CODE_SIGN_IDENTITY[sdk=iphoneos*]" = "iPhone Developer";
				COPY_PHASE_STRIP = NO;
				DEBUG_INFORMATION_FORMAT = dwarf;
				ENABLE_STRICT_OBJC_MSGSEND = YES;
				ENABLE_TESTABILITY = YES;
				GCC_C_LANGUAGE_STANDARD = gnu99;
				GCC_DYNAMIC_NO_PIC = NO;
				GCC_NO_COMMON_BLOCKS = YES;
				GCC_OPTIMIZATION_LEVEL = 0;
				GCC_PREPROCESSOR_DEFINITIONS = (
					"DEBUG=1",
					"$(inherited)",
				);
				GCC_WARN_64_TO_32_BIT_CONVERSION = YES;
				GCC_WARN_ABOUT_RETURN_TYPE = YES_ERROR;
				GCC_WARN_UNDECLARED_SELECTOR = YES;
				GCC_WARN_UNINITIALIZED_AUTOS = YES_AGGRESSIVE;
				GCC_WARN_UNUSED_FUNCTION = YES;
				GCC_WARN_UNUSED_VARIABLE = YES;
				IPHONEOS_DEPLOYMENT_TARGET = 10.0;
				MTL_ENABLE_DEBUG_INFO = YES;
				ONLY_ACTIVE_ARCH = YES;
				SDKROOT = iphoneos;
				SWIFT_ACTIVE_COMPILATION_CONDITIONS = DEBUG;
				SWIFT_OPTIMIZATION_LEVEL = "-Onone";
			};
			name = Debug;
		};
		27D4D6501D33E661007BB63A /* Release */ = {
			isa = XCBuildConfiguration;
			buildSettings = {
				ALWAYS_SEARCH_USER_PATHS = NO;
				CLANG_ANALYZER_NONNULL = YES;
				CLANG_CXX_LANGUAGE_STANDARD = "gnu++0x";
				CLANG_CXX_LIBRARY = "libc++";
				CLANG_ENABLE_MODULES = YES;
				CLANG_ENABLE_OBJC_ARC = YES;
				CLANG_WARN_BOOL_CONVERSION = YES;
				CLANG_WARN_CONSTANT_CONVERSION = YES;
				CLANG_WARN_DIRECT_OBJC_ISA_USAGE = YES_ERROR;
				CLANG_WARN_DOCUMENTATION_COMMENTS = YES;
				CLANG_WARN_EMPTY_BODY = YES;
				CLANG_WARN_ENUM_CONVERSION = YES;
				CLANG_WARN_INT_CONVERSION = YES;
				CLANG_WARN_OBJC_ROOT_CLASS = YES_ERROR;
				CLANG_WARN_UNREACHABLE_CODE = YES;
				CLANG_WARN__DUPLICATE_METHOD_MATCH = YES;
				"CODE_SIGN_IDENTITY[sdk=iphoneos*]" = "iPhone Developer";
				COPY_PHASE_STRIP = NO;
				DEBUG_INFORMATION_FORMAT = "dwarf-with-dsym";
				ENABLE_NS_ASSERTIONS = NO;
				ENABLE_STRICT_OBJC_MSGSEND = YES;
				GCC_C_LANGUAGE_STANDARD = gnu99;
				GCC_NO_COMMON_BLOCKS = YES;
				GCC_WARN_64_TO_32_BIT_CONVERSION = YES;
				GCC_WARN_ABOUT_RETURN_TYPE = YES_ERROR;
				GCC_WARN_UNDECLARED_SELECTOR = YES;
				GCC_WARN_UNINITIALIZED_AUTOS = YES_AGGRESSIVE;
				GCC_WARN_UNUSED_FUNCTION = YES;
				GCC_WARN_UNUSED_VARIABLE = YES;
				IPHONEOS_DEPLOYMENT_TARGET = 10.0;
				MTL_ENABLE_DEBUG_INFO = NO;
				SDKROOT = iphoneos;
				SWIFT_OPTIMIZATION_LEVEL = "-Owholemodule";
				VALIDATE_PRODUCT = YES;
			};
			name = Release;
		};
		27D4D6521D33E661007BB63A /* Debug */ = {
			isa = XCBuildConfiguration;
			buildSettings = {
				ASSETCATALOG_COMPILER_APPICON_NAME = AppIcon;
				INFOPLIST_FILE = "Azul Digital/Info.plist";
				LD_RUNPATH_SEARCH_PATHS = "$(inherited) @executable_path/Frameworks";
				PRODUCT_BUNDLE_IDENTIFIER = "io.github.ltsuda.Azul-Digital";
				PRODUCT_NAME = "$(TARGET_NAME)";
				SWIFT_VERSION = 3.0;
			};
			name = Debug;
		};
		27D4D6531D33E661007BB63A /* Release */ = {
			isa = XCBuildConfiguration;
			buildSettings = {
				ASSETCATALOG_COMPILER_APPICON_NAME = AppIcon;
				INFOPLIST_FILE = "Azul Digital/Info.plist";
				LD_RUNPATH_SEARCH_PATHS = "$(inherited) @executable_path/Frameworks";
				PRODUCT_BUNDLE_IDENTIFIER = "io.github.ltsuda.Azul-Digital";
				PRODUCT_NAME = "$(TARGET_NAME)";
				SWIFT_VERSION = 3.0;
			};
			name = Release;
		};
/* End XCBuildConfiguration section */

/* Begin XCConfigurationList section */
		27D4D63A1D33E661007BB63A /* Build configuration list for PBXProject "Azul Digital" */ = {
			isa = XCConfigurationList;
			buildConfigurations = (
				27D4D64F1D33E661007BB63A /* Debug */,
				27D4D6501D33E661007BB63A /* Release */,
			);
			defaultConfigurationIsVisible = 0;
			defaultConfigurationName = Release;
		};
		27D4D6511D33E661007BB63A /* Build configuration list for PBXNativeTarget "Azul Digital" */ = {
			isa = XCConfigurationList;
			buildConfigurations = (
				27D4D6521D33E661007BB63A /* Debug */,
				27D4D6531D33E661007BB63A /* Release */,
			);
			defaultConfigurationIsVisible = 0;
		};
/* End XCConfigurationList section */
	};
	rootObject = 27D4D6371D33E661007BB63A /* Project object */;
}
